
Microsoft Visual Studio Solution File, Format Version 12.00
# Visual Studio Version 17
VisualStudioVersion = 17.2.32616.157
MinimumVisualStudioVersion = 10.0.40219.1
Project("{FAE04EC0-301F-11D3-BF4B-00C04F79EFBC}") = "EmpTracker", "EmpTracker\EmpTracker.csproj", "{3287394B-D1DA-4F9A-B105-2FAF75D26EBC}"
EndProject
Global
	GlobalSection(SolutionConfigurationPlatforms) = preSolution
		Debug|Any CPU = Debug|Any CPU
		Release|Any CPU = Release|Any CPU
	EndGlobalSection
	GlobalSection(ProjectConfigurationPlatforms) = postSolution
		{3287394B-D1DA-4F9A-B105-2FAF75D26EBC}.Debug|Any CPU.ActiveCfg = Debug|Any CPU
		{3287394B-D1DA-4F9A-B105-2FAF75D26EBC}.Debug|Any CPU.Build.0 = Debug|Any CPU
		{3287394B-D1DA-4F9A-B105-2FAF75D26EBC}.Release|Any CPU.ActiveCfg = Release|Any CPU
		{3287394B-D1DA-4F9A-B105-2FAF75D26EBC}.Release|Any CPU.Build.0 = Release|Any CPU
	EndGlobalSection
	GlobalSection(SolutionProperties) = preSolution
		HideSolutionNode = FALSE
	EndGlobalSection
	GlobalSection(ExtensibilityGlobals) = postSolution
		SolutionGuid = {85D174AD-79A1-4199-93CF-989D5A363155}
	EndGlobalSection
EndGlobal
